
Microsoft Visual Studio Solution File, Format Version 12.00
# Visual Studio Version 16
VisualStudioVersion = 16.0.31515.178
MinimumVisualStudioVersion = 10.0.40219.1
Project("{FAE04EC0-301F-11D3-BF4B-00C04F79EFBC}") = "Client", "Client\Client.csproj", "{1F0F8137-9CB2-4A5A-8E1C-6D81B1B1995D}"
EndProject
Global
	GlobalSection(SolutionConfigurationPlatforms) = preSolution
		Debug|Any CPU = Debug|Any CPU
		Release|Any CPU = Release|Any CPU
	EndGlobalSection
	GlobalSection(ProjectConfigurationPlatforms) = postSolution
		{1F0F8137-9CB2-4A5A-8E1C-6D81B1B1995D}.Debug|Any CPU.ActiveCfg = Debug|Any CPU
		{1F0F8137-9CB2-4A5A-8E1C-6D81B1B1995D}.Debug|Any CPU.Build.0 = Debug|Any CPU
		{1F0F8137-9CB2-4A5A-8E1C-6D81B1B1995D}.Release|Any CPU.ActiveCfg = Release|Any CPU
		{1F0F8137-9CB2-4A5A-8E1C-6D81B1B1995D}.Release|Any CPU.Build.0 = Release|Any CPU
	EndGlobalSection
	GlobalSection(SolutionProperties) = preSolution
		HideSolutionNode = FALSE
	EndGlobalSection
	GlobalSection(ExtensibilityGlobals) = postSolution
		SolutionGuid = {8EF45339-83A7-4939-AE2C-FFDE7621B6BB}
	EndGlobalSection
EndGlobal
